lockfileVersion: 5.4

specifiers:
  '@directus/sdk': ^10.1.4
  '@types/node': ^18.7.18
  env-cmd: ^10.1.0
  tsx: ^3.9.0
  twitter-lite: ^1.1.0
  typescript: ^4.8.3
  zod: ^3.19.1

dependencies:
  '@directus/sdk': 10.1.4
  '@types/node': 18.7.18
  env-cmd: 10.1.0
  tsx: 3.9.0
  twitter-lite: 1.1.0
  typescript: 4.8.3
  zod: 3.19.1

packages:

  /@directus/sdk/10.1.4:
    resolution: {integrity: sha512-e8iwEbdMLMYBfla7QPh5ZfWua03PRMhhAwMkNz1/6k+ZCHc5+VQh7oR13OFU8r5KinsVPc7TjXElw3B6wxG0wg==}
    dependencies:
      axios: 0.27.2
    transitivePeerDependencies:
      - debug
    dev: false

  /@esbuild-kit/cjs-loader/2.3.3:
    resolution: {integrity: sha512-Rt4O1mXlPEDVxvjsHLgbtHVdUXYK9C1/6ThpQnt7FaXIjUOsI6qhHYMgALhNnlIMZffag44lXd6Dqgx3xALbpQ==}
    dependencies:
      '@esbuild-kit/core-utils': 2.3.0
      get-tsconfig: 4.2.0
    dev: false

  /@esbuild-kit/core-utils/2.3.0:
    resolution: {integrity: sha512-JL73zt/LN/qqziHuod4/bM2xBNNofDZu1cbwT6KIn6B11lA4cgDXkoSHOfNCbZMZOnh0Aqf0vW/gNQC+Z18hKQ==}
    dependencies:
      esbuild: 0.15.7
      source-map-support: 0.5.21
    dev: false

  /@esbuild-kit/esm-loader/2.4.2:
    resolution: {integrity: sha512-N9dPKAj8WOx6djVnStgILWXip4fjDcBk9L7azO0/uQDpu8Ee0eaL78mkN4Acid9BzvNAKWwdYXFJZnsVahNEew==}
    dependencies:
      '@esbuild-kit/core-utils': 2.3.0
      get-tsconfig: 4.2.0
    dev: false

  /@esbuild/linux-loong64/0.15.7:
    resolution: {integrity: sha512-IKznSJOsVUuyt7cDzzSZyqBEcZe+7WlBqTVXiF1OXP/4Nm387ToaXZ0fyLwI1iBlI/bzpxVq411QE2/Bt2XWWw==}
    engines: {node: '>=12'}
    cpu: [loong64]
    os: [linux]
    requiresBuild: true
    dev: false
    optional: true

  /@types/node/18.7.18:
    resolution: {integrity: sha512-m+6nTEOadJZuTPkKR/SYK3A2d7FZrgElol9UP1Kae90VVU4a6mxnPuLiIW1m4Cq4gZ/nWb9GrdVXJCoCazDAbg==}
    dev: false

  /asynckit/0.4.0:
    resolution: {integrity: sha512-Oei9OH4tRh0YqU3GxhX79dM/mwVgvbZJaSNaRk+bshkj0S5cfHcgYakreBjrHwatXKbz+IoIdYLxrKim2MjW0Q==}
    dev: false

  /axios/0.27.2:
    resolution: {integrity: sha512-t+yRIyySRTp/wua5xEr+z1q60QmLq8ABsS5O9Me1AsE5dfKqgnCFzwiCZZ/cGNd1lq4/7akDWMxdhVlucjmnOQ==}
    dependencies:
      follow-redirects: 1.15.2
      form-data: 4.0.0
    transitivePeerDependencies:
      - debug
    dev: false

  /buffer-from/1.1.2:
    resolution: {integrity: sha512-E+XQCRwSbaaiChtv6k6Dwgc+bx+Bs6vuKJHHl5kox/BaKbhiXzqQOwK4cO22yElGp2OCmjwVhT3HmxgyPGnJfQ==}
    dev: false

  /combined-stream/1.0.8:
    resolution: {integrity: sha512-FQN4MRfuJeHf7cBbBMJFXhKSDq+2kAArBlmRBvcvFE5BB1HZKXtSFASDhdlz9zOYwxh8lDdnvmMOe/+5cdoEdg==}
    engines: {node: '>= 0.8'}
    dependencies:
      delayed-stream: 1.0.0
    dev: false

  /commander/4.1.1:
    resolution: {integrity: sha512-NOKm8xhkzAjzFx8B2v5OAHT+u5pRQc2UCa2Vq9jYL/31o2wi9mxBA7LIFs3sV5VSC49z6pEhfbMULvShKj26WA==}
    engines: {node: '>= 6'}
    dev: false

  /cross-fetch/3.1.5:
    resolution: {integrity: sha512-lvb1SBsI0Z7GDwmuid+mU3kWVBwTVUbe7S0H52yaaAdQOXq2YktTCZdlAcNKFzE6QtRz0snpw9bNiPeOIkkQvw==}
    dependencies:
      node-fetch: 2.6.7
    transitivePeerDependencies:
      - encoding
    dev: false

  /cross-spawn/7.0.3:
    resolution: {integrity: sha512-iRDPJKUPVEND7dHPO8rkbOnPpyDygcDFtWjpeWNCgy8WP2rXcxXL8TskReQl6OrB2G7+UJrags1q15Fudc7G6w==}
    engines: {node: '>= 8'}
    dependencies:
      path-key: 3.1.1
      shebang-command: 2.0.0
      which: 2.0.2
    dev: false

  /delayed-stream/1.0.0:
    resolution: {integrity: sha512-ZySD7Nf91aLB0RxL4KGrKHBXl7Eds1DAmEdcoVawXnLD7SDhpNgtuII2aAkg7a7QS41jxPSZ17p4VdGnMHk3MQ==}
    engines: {node: '>=0.4.0'}
    dev: false

  /env-cmd/10.1.0:
    resolution: {integrity: sha512-mMdWTT9XKN7yNth/6N6g2GuKuJTsKMDHlQFUDacb/heQRRWOTIZ42t1rMHnQu4jYxU1ajdTeJM+9eEETlqToMA==}
    engines: {node: '>=8.0.0'}
    hasBin: true
    dependencies:
      commander: 4.1.1
      cross-spawn: 7.0.3
    dev: false

  /esbuild-android-64/0.15.7:
    resolution: {integrity: sha512-p7rCvdsldhxQr3YHxptf1Jcd86dlhvc3EQmQJaZzzuAxefO9PvcI0GLOa5nCWem1AJ8iMRu9w0r5TG8pHmbi9w==}
    engines: {node: '>=12'}
    cpu: [x64]
    os: [android]
    requiresBuild: true
    dev: false
    optional: true

  /esbuild-android-arm64/0.15.7:
    resolution: {integrity: sha512-L775l9ynJT7rVqRM5vo+9w5g2ysbOCfsdLV4CWanTZ1k/9Jb3IYlQ06VCI1edhcosTYJRECQFJa3eAvkx72eyQ==}
    engines: {node: '>=12'}
    cpu: [arm64]
    os: [android]
    requiresBuild: true
    dev: false
    optional: true

  /esbuild-darwin-64/0.15.7:
    resolution: {integrity: sha512-KGPt3r1c9ww009t2xLB6Vk0YyNOXh7hbjZ3EecHoVDxgtbUlYstMPDaReimKe6eOEfyY4hBEEeTvKwPsiH5WZg==}
    engines: {node: '>=12'}
    cpu: [x64]
    os: [darwin]
    requiresBuild: true
    dev: false
    optional: true

  /esbuild-darwin-arm64/0.15.7:
    resolution: {integrity: sha512-kBIHvtVqbSGajN88lYMnR3aIleH3ABZLLFLxwL2stiuIGAjGlQW741NxVTpUHQXUmPzxi6POqc9npkXa8AcSZQ==}
    engines: {node: '>=12'}
    cpu: [arm64]
    os: [darwin]
    requiresBuild: true
    dev: false
    optional: true

  /esbuild-freebsd-64/0.15.7:
    resolution: {integrity: sha512-hESZB91qDLV5MEwNxzMxPfbjAhOmtfsr9Wnuci7pY6TtEh4UDuevmGmkUIjX/b+e/k4tcNBMf7SRQ2mdNuK/HQ==}
    engines: {node: '>=12'}
    cpu: [x64]
    os: [freebsd]
    requiresBuild: true
    dev: false
    optional: true

  /esbuild-freebsd-arm64/0.15.7:
    resolution: {integrity: sha512-dLFR0ChH5t+b3J8w0fVKGvtwSLWCv7GYT2Y2jFGulF1L5HftQLzVGN+6pi1SivuiVSmTh28FwUhi9PwQicXI6Q==}
    engines: {node: '>=12'}
    cpu: [arm64]
    os: [freebsd]
    requiresBuild: true
    dev: false
    optional: true

  /esbuild-linux-32/0.15.7:
    resolution: {integrity: sha512-v3gT/LsONGUZcjbt2swrMjwxo32NJzk+7sAgtxhGx1+ZmOFaTRXBAi1PPfgpeo/J//Un2jIKm/I+qqeo4caJvg==}
    engines: {node: '>=12'}
    cpu: [ia32]
    os: [linux]
    requiresBuild: true
    dev: false
    optional: true

  /esbuild-linux-64/0.15.7:
    resolution: {integrity: sha512-LxXEfLAKwOVmm1yecpMmWERBshl+Kv5YJ/1KnyAr6HRHFW8cxOEsEfisD3sVl/RvHyW//lhYUVSuy9jGEfIRAQ==}
    engines: {node: '>=12'}
    cpu: [x64]
    os: [linux]
    requiresBuild: true
    dev: false
    optional: true

  /esbuild-linux-arm/0.15.7:
    resolution: {integrity: sha512-JKgAHtMR5f75wJTeuNQbyznZZa+pjiUHV7sRZp42UNdyXC6TiUYMW/8z8yIBAr2Fpad8hM1royZKQisqPABPvQ==}
    engines: {node: '>=12'}
    cpu: [arm]
    os: [linux]
    requiresBuild: true
    dev: false
    optional: true

  /esbuild-linux-arm64/0.15.7:
    resolution: {integrity: sha512-P3cfhudpzWDkglutWgXcT2S7Ft7o2e3YDMrP1n0z2dlbUZghUkKCyaWw0zhp4KxEEzt/E7lmrtRu/pGWnwb9vw==}
    engines: {node: '>=12'}
    cpu: [arm64]
    os: [linux]
    requiresBuild: true
    dev: false
    optional: true

  /esbuild-linux-mips64le/0.15.7:
    resolution: {integrity: sha512-T7XKuxl0VpeFLCJXub6U+iybiqh0kM/bWOTb4qcPyDDwNVhLUiPcGdG2/0S7F93czUZOKP57YiLV8YQewgLHKw==}
    engines: {node: '>=12'}
    cpu: [mips64el]
    os: [linux]
    requiresBuild: true
    dev: false
    optional: true

  /esbuild-linux-ppc64le/0.15.7:
    resolution: {integrity: sha512-6mGuC19WpFN7NYbecMIJjeQgvDb5aMuvyk0PDYBJrqAEMkTwg3Z98kEKuCm6THHRnrgsdr7bp4SruSAxEM4eJw==}
    engines: {node: '>=12'}
    cpu: [ppc64]
    os: [linux]
    requiresBuild: true
    dev: false
    optional: true

  /esbuild-linux-riscv64/0.15.7:
    resolution: {integrity: sha512-uUJsezbswAYo/X7OU/P+PuL/EI9WzxsEQXDekfwpQ23uGiooxqoLFAPmXPcRAt941vjlY9jtITEEikWMBr+F/g==}
    engines: {node: '>=12'}
    cpu: [riscv64]
    os: [linux]
    requiresBuild: true
    dev: false
    optional: true

  /esbuild-linux-s390x/0.15.7:
    resolution: {integrity: sha512-+tO+xOyTNMc34rXlSxK7aCwJgvQyffqEM5MMdNDEeMU3ss0S6wKvbBOQfgd5jRPblfwJ6b+bKiz0g5nABpY0QQ==}
    engines: {node: '>=12'}
    cpu: [s390x]
    os: [linux]
    requiresBuild: true
    dev: false
    optional: true

  /esbuild-netbsd-64/0.15.7:
    resolution: {integrity: sha512-yVc4Wz+Pu3cP5hzm5kIygNPrjar/v5WCSoRmIjCPWfBVJkZNb5brEGKUlf+0Y759D48BCWa0WHrWXaNy0DULTQ==}
    engines: {node: '>=12'}
    cpu: [x64]
    os: [netbsd]
    requiresBuild: true
    dev: false
    optional: true

  /esbuild-openbsd-64/0.15.7:
    resolution: {integrity: sha512-GsimbwC4FSR4lN3wf8XmTQ+r8/0YSQo21rWDL0XFFhLHKlzEA4SsT1Tl8bPYu00IU6UWSJ+b3fG/8SB69rcuEQ==}
    engines: {node: '>=12'}
    cpu: [x64]
    os: [openbsd]
    requiresBuild: true
    dev: false
    optional: true

  /esbuild-sunos-64/0.15.7:
    resolution: {integrity: sha512-8CDI1aL/ts0mDGbWzjEOGKXnU7p3rDzggHSBtVryQzkSOsjCHRVe0iFYUuhczlxU1R3LN/E7HgUO4NXzGGP/Ag==}
    engines: {node: '>=12'}
    cpu: [x64]
    os: [sunos]
    requiresBuild: true
    dev: false
    optional: true

  /esbuild-windows-32/0.15.7:
    resolution: {integrity: sha512-cOnKXUEPS8EGCzRSFa1x6NQjGhGsFlVgjhqGEbLTPsA7x4RRYiy2RKoArNUU4iR2vHmzqS5Gr84MEumO/wxYKA==}
    engines: {node: '>=12'}
    cpu: [ia32]
    os: [win32]
    requiresBuild: true
    dev: false
    optional: true

  /esbuild-windows-64/0.15.7:
    resolution: {integrity: sha512-7MI08Ec2sTIDv+zH6StNBKO+2hGUYIT42GmFyW6MBBWWtJhTcQLinKS6ldIN1d52MXIbiJ6nXyCJ+LpL4jBm3Q==}
    engines: {node: '>=12'}
    cpu: [x64]
    os: [win32]
    requiresBuild: true
    dev: false
    optional: true

  /esbuild-windows-arm64/0.15.7:
    resolution: {integrity: sha512-R06nmqBlWjKHddhRJYlqDd3Fabx9LFdKcjoOy08YLimwmsswlFBJV4rXzZCxz/b7ZJXvrZgj8DDv1ewE9+StMw==}
    engines: {node: '>=12'}
    cpu: [arm64]
    os: [win32]
    requiresBuild: true
    dev: false
    optional: true

  /esbuild/0.15.7:
    resolution: {integrity: sha512-7V8tzllIbAQV1M4QoE52ImKu8hT/NLGlGXkiDsbEU5PS6K8Mn09ZnYoS+dcmHxOS9CRsV4IRAMdT3I67IyUNXw==}
    engines: {node: '>=12'}
    hasBin: true
    requiresBuild: true
    optionalDependencies:
      '@esbuild/linux-loong64': 0.15.7
      esbuild-android-64: 0.15.7
      esbuild-android-arm64: 0.15.7
      esbuild-darwin-64: 0.15.7
      esbuild-darwin-arm64: 0.15.7
      esbuild-freebsd-64: 0.15.7
      esbuild-freebsd-arm64: 0.15.7
      esbuild-linux-32: 0.15.7
      esbuild-linux-64: 0.15.7
      esbuild-linux-arm: 0.15.7
      esbuild-linux-arm64: 0.15.7
      esbuild-linux-mips64le: 0.15.7
      esbuild-linux-ppc64le: 0.15.7
      esbuild-linux-riscv64: 0.15.7
      esbuild-linux-s390x: 0.15.7
      esbuild-netbsd-64: 0.15.7
      esbuild-openbsd-64: 0.15.7
      esbuild-sunos-64: 0.15.7
      esbuild-windows-32: 0.15.7
      esbuild-windows-64: 0.15.7
      esbuild-windows-arm64: 0.15.7
    dev: false

  /follow-redirects/1.15.2:
    resolution: {integrity: sha512-VQLG33o04KaQ8uYi2tVNbdrWp1QWxNNea+nmIB4EVM28v0hmP17z7aG1+wAkNzVq4KeXTq3221ye5qTJP91JwA==}
    engines: {node: '>=4.0'}
    peerDependencies:
      debug: '*'
    peerDependenciesMeta:
      debug:
        optional: true
    dev: false

  /form-data/4.0.0:
    resolution: {integrity: sha512-ETEklSGi5t0QMZuiXoA/Q6vcnxcLQP5vdugSpuAyi6SVGi2clPPp+xgEhuMaHC+zGgn31Kd235W35f7Hykkaww==}
    engines: {node: '>= 6'}
    dependencies:
      asynckit: 0.4.0
      combined-stream: 1.0.8
      mime-types: 2.1.35
    dev: false

  /fsevents/2.3.2:
    resolution: {integrity: sha512-xiqMQR4xAeHTuB9uWm+fFRcIOgKBMiOBP+eXiyT7jsgVCq1bkVygt00oASowB7EdtpOHaaPgKt812P9ab+DDKA==}
    engines: {node: ^8.16.0 || ^10.6.0 || >=11.0.0}
    os: [darwin]
    requiresBuild: true
    dev: false
    optional: true

  /get-tsconfig/4.2.0:
    resolution: {integrity: sha512-X8u8fREiYOE6S8hLbq99PeykTDoLVnxvF4DjWKJmz9xy2nNRdUcV8ZN9tniJFeKyTU3qnC9lL8n4Chd6LmVKHg==}
    dev: false

  /isexe/2.0.0:
    resolution: {integrity: sha512-RHxMLp9lnKHGHRng9QFhRCMbYAcVpn69smSGcq3f36xjgVVWThj4qqLbTLlq7Ssj8B+fIQ1EuCEGI2lKsyQeIw==}
    dev: false

  /mime-db/1.52.0:
    resolution: {integrity: sha512-sPU4uV7dYlvtWJxwwxHD0PuihVNiE7TyAbQ5SWxDCB9mUYvOgroQOwYQQOKPJ8CIbE+1ETVlOoK1UC2nU3gYvg==}
    engines: {node: '>= 0.6'}
    dev: false

  /mime-types/2.1.35:
    resolution: {integrity: sha512-ZDY+bPm5zTTF+YpCrAU9nK0UgICYPT0QtT1NZWFv4s++TNkcgVaT0g6+4R2uI4MjQjzysHB1zxuWL50hzaeXiw==}
    engines: {node: '>= 0.6'}
    dependencies:
      mime-db: 1.52.0
    dev: false

  /node-fetch/2.6.7:
    resolution: {integrity: sha512-ZjMPFEfVx5j+y2yF35Kzx5sF7kDzxuDj6ziH4FFbOp87zKDZNx8yExJIb05OGF4Nlt9IHFIMBkRl41VdvcNdbQ==}
    engines: {node: 4.x || >=6.0.0}
    peerDependencies:
      encoding: ^0.1.0
    peerDependenciesMeta:
      encoding:
        optional: true
    dependencies:
      whatwg-url: 5.0.0
    dev: false

  /oauth-1.0a/2.2.6:
    resolution: {integrity: sha512-6bkxv3N4Gu5lty4viIcIAnq5GbxECviMBeKR3WX/q87SPQ8E8aursPZUtsXDnxCs787af09WPRBLqYrf/lwoYQ==}
    dev: false

  /path-key/3.1.1:
    resolution: {integrity: sha512-ojmeN0qd+y0jszEtoY48r0Peq5dwMEkIlCOu6Q5f41lfkswXuKtYrhgoTpLnyIcHm24Uhqx+5Tqm2InSwLhE6Q==}
    engines: {node: '>=8'}
    dev: false

  /shebang-command/2.0.0:
    resolution: {integrity: sha512-kHxr2zZpYtdmrN1qDjrrX/Z1rR1kG8Dx+gkpK1G4eXmvXswmcE1hTWBWYUzlraYw1/yZp6YuDY77YtvbN0dmDA==}
    engines: {node: '>=8'}
    dependencies:
      shebang-regex: 3.0.0
    dev: false

  /shebang-regex/3.0.0:
    resolution: {integrity: sha512-7++dFhtcx3353uBaq8DDR4NuxBetBzC7ZQOhmTQInHEd6bSrXdiEyzCvG07Z44UYdLShWUyXt5M/yhz8ekcb1A==}
    engines: {node: '>=8'}
    dev: false

  /source-map-support/0.5.21:
    resolution: {integrity: sha512-uBHU3L3czsIyYXKX88fdrGovxdSCoTGDRZ6SYXtSRxLZUzHg5P/66Ht6uoUlHu9EZod+inXhKo3qQgwXUT/y1w==}
    dependencies:
      buffer-from: 1.1.2
      source-map: 0.6.1
    dev: false

  /source-map/0.6.1:
    resolution: {integrity: sha512-UjgapumWlbMhkBgzT7Ykc5YXUT46F0iKu8SGXq0bcwP5dz/h0Plj6enJqjz1Zbq2l5WaqYnrVbwWOWMyF3F47g==}
    engines: {node: '>=0.10.0'}
    dev: false

  /tr46/0.0.3:
    resolution: {integrity: sha512-N3WMsuqV66lT30CrXNbEjx4GEwlow3v6rr4mCcv6prnfwhS01rkgyFdjPNBYd9br7LpXV1+Emh01fHnq2Gdgrw==}
    dev: false

  /tsx/3.9.0:
    resolution: {integrity: sha512-ofxsE+qjqCYYq4UBt5khglvb+ESgxef1YpuNcdQI92kvcAT2tZVrnSK3g4bRXTUhLmKHcC5q8vIZA47os/stng==}
    hasBin: true
    dependencies:
      '@esbuild-kit/cjs-loader': 2.3.3
      '@esbuild-kit/core-utils': 2.3.0
      '@esbuild-kit/esm-loader': 2.4.2
    optionalDependencies:
      fsevents: 2.3.2
    dev: false

  /twitter-lite/1.1.0:
    resolution: {integrity: sha512-v37I0zyYXjn3/zdm/ii+1RiBFZ2SCB3wLl1N5nfW8TUqoNDYBR66oXBFbQavKEvjg5WqcTUzNhAhe6FkgylPsw==}
    dependencies:
      cross-fetch: 3.1.5
      oauth-1.0a: 2.2.6
    transitivePeerDependencies:
      - encoding
    dev: false

  /typescript/4.8.3:
    resolution: {integrity: sha512-goMHfm00nWPa8UvR/CPSvykqf6dVV8x/dp0c5mFTMTIu0u0FlGWRioyy7Nn0PGAdHxpJZnuO/ut+PpQ8UiHAig==}
    engines: {node: '>=4.2.0'}
    hasBin: true
    dev: false

  /webidl-conversions/3.0.1:
    resolution: {integrity: sha512-2JAn3z8AR6rjK8Sm8orRC0h/bcl/DqL7tRPdGZ4I1CjdF+EaMLmYxBHyXuKL849eucPFhvBoxMsflfOb8kxaeQ==}
    dev: false

  /whatwg-url/5.0.0:
    resolution: {integrity: sha512-saE57nupxk6v3HY35+jzBwYa0rKSy0XR8JSxZPwgLr7ys0IBzhGviA1/TUGJLmSVqs8pb9AnvICXEuOHLprYTw==}
    dependencies:
      tr46: 0.0.3
      webidl-conversions: 3.0.1
    dev: false

  /which/2.0.2:
    resolution: {integrity: sha512-BLI3Tl1TW3Pvl70l3yq3Y64i+awpwXqsGBYWkkqMtnbXgrMD+yj7rhW0kuEDxzJaYXGjEW5ogapKNMEKNMjibA==}
    engines: {node: '>= 8'}
    hasBin: true
    dependencies:
      isexe: 2.0.0
    dev: false

  /zod/3.19.1:
    resolution: {integrity: sha512-LYjZsEDhCdYET9ikFu6dVPGp2YH9DegXjdJToSzD9rO6fy4qiRYFoyEYwps88OseJlPyl2NOe2iJuhEhL7IpEA==}
    dev: false
